// !$*UTF8*$!
{
	archiveVersion = 1;
	classes = {
	};
	objectVersion = 55;
	objects = {

/* Begin PBXBuildFile section */
		0770E072FC198F9695AFF1CD /* Pods_THCoffeeTests.framework in Frameworks */ = {isa = PBXBuildFile; fileRef = AC1415BAAD8E4AE61A92A280 /* Pods_THCoffeeTests.framework */; };
		2C19D4DC29A0317C008EC86E /* Assets.xcassets in Resources */ = {isa = PBXBuildFile; fileRef = 2C19D4DB29A0317C008EC86E /* Assets.xcassets */; };
		2C3A995C298DB43A001F023E /* AppDelegate.swift in Sources */ = {isa = PBXBuildFile; fileRef = 2C3A995B298DB43A001F023E /* AppDelegate.swift */; };
		2C3A995E298DB43A001F023E /* SceneDelegate.swift in Sources */ = {isa = PBXBuildFile; fileRef = 2C3A995D298DB43A001F023E /* SceneDelegate.swift */; };
		2C3A9960298DB43A001F023E /* ViewController.swift in Sources */ = {isa = PBXBuildFile; fileRef = 2C3A995F298DB43A001F023E /* ViewController.swift */; };
		2C3A9973298DB443001F023E /* THCoffeeTests.swift in Sources */ = {isa = PBXBuildFile; fileRef = 2C3A9972298DB443001F023E /* THCoffeeTests.swift */; };
		2C3A997D298DB443001F023E /* THCoffeeUITests.swift in Sources */ = {isa = PBXBuildFile; fileRef = 2C3A997C298DB443001F023E /* THCoffeeUITests.swift */; };
		2C3A997F298DB443001F023E /* THCoffeeUITestsLaunchTests.swift in Sources */ = {isa = PBXBuildFile; fileRef = 2C3A997E298DB443001F023E /* THCoffeeUITestsLaunchTests.swift */; };
		2C77855329A4189C005AA5B5 /* Main.storyboard in Resources */ = {isa = PBXBuildFile; fileRef = 2C77855529A4189C005AA5B5 /* Main.storyboard */; };
		2C77856529A423C3005AA5B5 /* afterSignedController.swift in Sources */ = {isa = PBXBuildFile; fileRef = 2C77856429A423C3005AA5B5 /* afterSignedController.swift */; };
		2CAA36DF29AB07CD00E4BB31 /* GoogleService-Info.plist in Resources */ = {isa = PBXBuildFile; fileRef = 2CAA36DE29AB07CD00E4BB31 /* GoogleService-Info.plist */; };
		2CAA36E029AB07CD00E4BB31 /* GoogleService-Info.plist in Resources */ = {isa = PBXBuildFile; fileRef = 2CAA36DE29AB07CD00E4BB31 /* GoogleService-Info.plist */; };
		2CAA36E129AB07CD00E4BB31 /* GoogleService-Info.plist in Resources */ = {isa = PBXBuildFile; fileRef = 2CAA36DE29AB07CD00E4BB31 /* GoogleService-Info.plist */; };
		3078670D631412684F290C81 /* Pods_THCoffee_THCoffeeUITests.framework in Frameworks */ = {isa = PBXBuildFile; fileRef = 3B979FC41DF57313B7B5F372 /* Pods_THCoffee_THCoffeeUITests.framework */; };
		B53240164B69C5616C53F356 /* Pods_THCoffee.framework in Frameworks */ = {isa = PBXBuildFile; fileRef = 44C2BDA6EE8F232247AE34DC /* Pods_THCoffee.framework */; };
/* End PBXBuildFile section */

/* Begin PBXContainerItemProxy section */
		2C3A996F298DB443001F023E /* PBXContainerItemProxy */ = {
			isa = PBXContainerItemProxy;
			containerPortal = 2C3A9950298DB43A001F023E /* Project object */;
			proxyType = 1;
			remoteGlobalIDString = 2C3A9957298DB43A001F023E;
			remoteInfo = THCoffee;
		};
		2C3A9979298DB443001F023E /* PBXContainerItemProxy */ = {
			isa = PBXContainerItemProxy;
			containerPortal = 2C3A9950298DB43A001F023E /* Project object */;
			proxyType = 1;
			remoteGlobalIDString = 2C3A9957298DB43A001F023E;
			remoteInfo = THCoffee;
		};
/* End PBXContainerItemProxy section */

/* Begin PBXFileReference section */
		1D28C93CB27FE311C9A200D5 /* Pods-THCoffee.debug.xcconfig */ = {isa = PBXFileReference; includeInIndex = 1; lastKnownFileType = text.xcconfig; name = "Pods-THCoffee.debug.xcconfig"; path = "Target Support Files/Pods-THCoffee/Pods-THCoffee.debug.xcconfig"; sourceTree = "<group>"; };
		2C19D4DB29A0317C008EC86E /* Assets.xcassets */ = {isa = PBXFileReference; lastKnownFileType = folder.assetcatalog; name = Assets.xcassets; path = ../../../.Trash/Assets.xcassets; sourceTree = "<group>"; };
		2C3A9958298DB43A001F023E /* THCoffee.app */ = {isa = PBXFileReference; explicitFileType = wrapper.application; includeInIndex = 0; path = THCoffee.app; sourceTree = BUILT_PRODUCTS_DIR; };
		2C3A995B298DB43A001F023E /* AppDelegate.swift */ = {isa = PBXFileReference; lastKnownFileType = sourcecode.swift; path = AppDelegate.swift; sourceTree = "<group>"; };
		2C3A995D298DB43A001F023E /* SceneDelegate.swift */ = {isa = PBXFileReference; lastKnownFileType = sourcecode.swift; path = SceneDelegate.swift; sourceTree = "<group>"; };
		2C3A995F298DB43A001F023E /* ViewController.swift */ = {isa = PBXFileReference; lastKnownFileType = sourcecode.swift; path = ViewController.swift; sourceTree = "<group>"; };
		2C3A9969298DB442001F023E /* Info.plist */ = {isa = PBXFileReference; lastKnownFileType = text.plist.xml; path = Info.plist; sourceTree = "<group>"; };
		2C3A996E298DB443001F023E /* THCoffeeTests.xctest */ = {isa = PBXFileReference; explicitFileType = wrapper.cfbundle; includeInIndex = 0; path = THCoffeeTests.xctest; sourceTree = BUILT_PRODUCTS_DIR; };
		2C3A9972298DB443001F023E /* THCoffeeTests.swift */ = {isa = PBXFileReference; lastKnownFileType = sourcecode.swift; path = THCoffeeTests.swift; sourceTree = "<group>"; };
		2C3A9978298DB443001F023E /* THCoffeeUITests.xctest */ = {isa = PBXFileReference; explicitFileType = wrapper.cfbundle; includeInIndex = 0; path = THCoffeeUITests.xctest; sourceTree = BUILT_PRODUCTS_DIR; };
		2C3A997C298DB443001F023E /* THCoffeeUITests.swift */ = {isa = PBXFileReference; lastKnownFileType = sourcecode.swift; path = THCoffeeUITests.swift; sourceTree = "<group>"; };
		2C3A997E298DB443001F023E /* THCoffeeUITestsLaunchTests.swift */ = {isa = PBXFileReference; lastKnownFileType = sourcecode.swift; path = THCoffeeUITestsLaunchTests.swift; sourceTree = "<group>"; };
		2C77855429A4189C005AA5B5 /* Base */ = {isa = PBXFileReference; lastKnownFileType = file.storyboard; name = Base; path = Base.lproj/Main.storyboard; sourceTree = "<group>"; };
		2C77856429A423C3005AA5B5 /* afterSignedController.swift */ = {isa = PBXFileReference; lastKnownFileType = sourcecode.swift; path = afterSignedController.swift; sourceTree = "<group>"; };
		2CAA36DC29AB05B800E4BB31 /* THCoffeeRelease.entitlements */ = {isa = PBXFileReference; lastKnownFileType = text.plist.entitlements; path = THCoffeeRelease.entitlements; sourceTree = "<group>"; };
		2CAA36DD29AB061F00E4BB31 /* THCoffeeDebug.entitlements */ = {isa = PBXFileReference; lastKnownFileType = text.plist.entitlements; path = THCoffeeDebug.entitlements; sourceTree = "<group>"; };
		2CAA36DE29AB07CD00E4BB31 /* GoogleService-Info.plist */ = {isa = PBXFileReference; fileEncoding = 4; lastKnownFileType = text.plist.xml; path = "GoogleService-Info.plist"; sourceTree = "<group>"; };
		3A0AD5C55F18C878D950893E /* Pods-THCoffee-THCoffeeUITests.debug.xcconfig */ = {isa = PBXFileReference; includeInIndex = 1; lastKnownFileType = text.xcconfig; name = "Pods-THCoffee-THCoffeeUITests.debug.xcconfig"; path = "Target Support Files/Pods-THCoffee-THCoffeeUITests/Pods-THCoffee-THCoffeeUITests.debug.xcconfig"; sourceTree = "<group>"; };
		3B979FC41DF57313B7B5F372 /* Pods_THCoffee_THCoffeeUITests.framework */ = {isa = PBXFileReference; explicitFileType = wrapper.framework; includeInIndex = 0; path = Pods_THCoffee_THCoffeeUITests.framework; sourceTree = BUILT_PRODUCTS_DIR; };
		425B462E961BEF130F294371 /* Pods-THCoffeeTests.release.xcconfig */ = {isa = PBXFileReference; includeInIndex = 1; lastKnownFileType = text.xcconfig; name = "Pods-THCoffeeTests.release.xcconfig"; path = "Target Support Files/Pods-THCoffeeTests/Pods-THCoffeeTests.release.xcconfig"; sourceTree = "<group>"; };
		44C2BDA6EE8F232247AE34DC /* Pods_THCoffee.framework */ = {isa = PBXFileReference; explicitFileType = wrapper.framework; includeInIndex = 0; path = Pods_THCoffee.framework; sourceTree = BUILT_PRODUCTS_DIR; };
		90E3A7D08E438E597CCFECD8 /* Pods-THCoffee-THCoffeeUITests.release.xcconfig */ = {isa = PBXFileReference; includeInIndex = 1; lastKnownFileType = text.xcconfig; name = "Pods-THCoffee-THCoffeeUITests.release.xcconfig"; path = "Target Support Files/Pods-THCoffee-THCoffeeUITests/Pods-THCoffee-THCoffeeUITests.release.xcconfig"; sourceTree = "<group>"; };
		9F69902B2B9157F4CBF512E7 /* Pods-THCoffeeTests.debug.xcconfig */ = {isa = PBXFileReference; includeInIndex = 1; lastKnownFileType = text.xcconfig; name = "Pods-THCoffeeTests.debug.xcconfig"; path = "Target Support Files/Pods-THCoffeeTests/Pods-THCoffeeTests.debug.xcconfig"; sourceTree = "<group>"; };
		AC1415BAAD8E4AE61A92A280 /* Pods_THCoffeeTests.framework */ = {isa = PBXFileReference; explicitFileType = wrapper.framework; includeInIndex = 0; path = Pods_THCoffeeTests.framework; sourceTree = BUILT_PRODUCTS_DIR; };
		FABAE7F1185AFC8BFB95BA87 /* Pods-THCoffee.release.xcconfig */ = {isa = PBXFileReference; includeInIndex = 1; lastKnownFileType = text.xcconfig; name = "Pods-THCoffee.release.xcconfig"; path = "Target Support Files/Pods-THCoffee/Pods-THCoffee.release.xcconfig"; sourceTree = "<group>"; };
/* End PBXFileReference section */

/* Begin PBXFrameworksBuildPhase section */
		2C3A9955298DB43A001F023E /* Frameworks */ = {
			isa = PBXFrameworksBuildPhase;
			buildActionMask = 2147483647;
			files = (
				B53240164B69C5616C53F356 /* Pods_THCoffee.framework in Frameworks */,
			);
			runOnlyForDeploymentPostprocessing = 0;
		};
		2C3A996B298DB443001F023E /* Frameworks */ = {
			isa = PBXFrameworksBuildPhase;
			buildActionMask = 2147483647;
			files = (
				0770E072FC198F9695AFF1CD /* Pods_THCoffeeTests.framework in Frameworks */,
			);
			runOnlyForDeploymentPostprocessing = 0;
		};
		2C3A9975298DB443001F023E /* Frameworks */ = {
			isa = PBXFrameworksBuildPhase;
			buildActionMask = 2147483647;
			files = (
				3078670D631412684F290C81 /* Pods_THCoffee_THCoffeeUITests.framework in Frameworks */,
			);
			runOnlyForDeploymentPostprocessing = 0;
		};
/* End PBXFrameworksBuildPhase section */

/* Begin PBXGroup section */
		13860D89FE1E5E81EA6C48AC /* Pods */ = {
			isa = PBXGroup;
			children = (
				1D28C93CB27FE311C9A200D5 /* Pods-THCoffee.debug.xcconfig */,
				FABAE7F1185AFC8BFB95BA87 /* Pods-THCoffee.release.xcconfig */,
				3A0AD5C55F18C878D950893E /* Pods-THCoffee-THCoffeeUITests.debug.xcconfig */,
				90E3A7D08E438E597CCFECD8 /* Pods-THCoffee-THCoffeeUITests.release.xcconfig */,
				9F69902B2B9157F4CBF512E7 /* Pods-THCoffeeTests.debug.xcconfig */,
				425B462E961BEF130F294371 /* Pods-THCoffeeTests.release.xcconfig */,
			);
			path = Pods;
			sourceTree = "<group>";
		};
		206FE43CE3B0058F654D4557 /* Frameworks */ = {
			isa = PBXGroup;
			children = (
				44C2BDA6EE8F232247AE34DC /* Pods_THCoffee.framework */,
				3B979FC41DF57313B7B5F372 /* Pods_THCoffee_THCoffeeUITests.framework */,
				AC1415BAAD8E4AE61A92A280 /* Pods_THCoffeeTests.framework */,
			);
			name = Frameworks;
			sourceTree = "<group>";
		};
		2C3A994F298DB43A001F023E = {
			isa = PBXGroup;
			children = (
				2C3A995A298DB43A001F023E /* THCoffee */,
				2C3A9971298DB443001F023E /* THCoffeeTests */,
				2C3A997B298DB443001F023E /* THCoffeeUITests */,
				2C3A9959298DB43A001F023E /* Products */,
				13860D89FE1E5E81EA6C48AC /* Pods */,
				206FE43CE3B0058F654D4557 /* Frameworks */,
			);
			sourceTree = "<group>";
		};
		2C3A9959298DB43A001F023E /* Products */ = {
			isa = PBXGroup;
			children = (
				2C3A9958298DB43A001F023E /* THCoffee.app */,
				2C3A996E298DB443001F023E /* THCoffeeTests.xctest */,
				2C3A9978298DB443001F023E /* THCoffeeUITests.xctest */,
			);
			name = Products;
			sourceTree = "<group>";
		};
		2C3A995A298DB43A001F023E /* THCoffee */ = {
			isa = PBXGroup;
			children = (
				2CAA36DD29AB061F00E4BB31 /* THCoffeeDebug.entitlements */,
				2CAA36DC29AB05B800E4BB31 /* THCoffeeRelease.entitlements */,
				2CAA36DE29AB07CD00E4BB31 /* GoogleService-Info.plist */,
				2C3A995B298DB43A001F023E /* AppDelegate.swift */,
				2C3A995D298DB43A001F023E /* SceneDelegate.swift */,
				2C3A995F298DB43A001F023E /* ViewController.swift */,
				2C77856429A423C3005AA5B5 /* afterSignedController.swift */,
				2C77855529A4189C005AA5B5 /* Main.storyboard */,
				2C19D4DB29A0317C008EC86E /* Assets.xcassets */,
				2C3A9969298DB442001F023E /* Info.plist */,
			);
			path = THCoffee;
			sourceTree = "<group>";
		};
		2C3A9971298DB443001F023E /* THCoffeeTests */ = {
			isa = PBXGroup;
			children = (
				2C3A9972298DB443001F023E /* THCoffeeTests.swift */,
			);
			path = THCoffeeTests;
			sourceTree = "<group>";
		};
		2C3A997B298DB443001F023E /* THCoffeeUITests */ = {
			isa = PBXGroup;
			children = (
				2C3A997C298DB443001F023E /* THCoffeeUITests.swift */,
				2C3A997E298DB443001F023E /* THCoffeeUITestsLaunchTests.swift */,
			);
			path = THCoffeeUITests;
			sourceTree = "<group>";
		};
/* End PBXGroup section */

/* Begin PBXNativeTarget section */
		2C3A9957298DB43A001F023E /* THCoffee */ = {
			isa = PBXNativeTarget;
			buildConfigurationList = 2C3A9982298DB443001F023E /* Build configuration list for PBXNativeTarget "THCoffee" */;
			buildPhases = (
				61590140293B79AC61CBEA66 /* [CP] Check Pods Manifest.lock */,
				2C3A9954298DB43A001F023E /* Sources */,
				2C3A9955298DB43A001F023E /* Frameworks */,
				2C3A9956298DB43A001F023E /* Resources */,
				3EFDAAECCB963D504991832B /* [CP] Embed Pods Frameworks */,
				02D9F9E7F4EBC5C5C8B4B5A3 /* [CP] Copy Pods Resources */,
			);
			buildRules = (
			);
			dependencies = (
			);
			name = THCoffee;
			productName = THCoffee;
			productReference = 2C3A9958298DB43A001F023E /* THCoffee.app */;
			productType = "com.apple.product-type.application";
		};
		2C3A996D298DB443001F023E /* THCoffeeTests */ = {
			isa = PBXNativeTarget;
			buildConfigurationList = 2C3A9985298DB443001F023E /* Build configuration list for PBXNativeTarget "THCoffeeTests" */;
			buildPhases = (
				06428BFA178D4EAF39CC7617 /* [CP] Check Pods Manifest.lock */,
				2C3A996A298DB443001F023E /* Sources */,
				2C3A996B298DB443001F023E /* Frameworks */,
				2C3A996C298DB443001F023E /* Resources */,
			);
			buildRules = (
			);
			dependencies = (
				2C3A9970298DB443001F023E /* PBXTargetDependency */,
			);
			name = THCoffeeTests;
			productName = THCoffeeTests;
			productReference = 2C3A996E298DB443001F023E /* THCoffeeTests.xctest */;
			productType = "com.apple.product-type.bundle.unit-test";
		};
		2C3A9977298DB443001F023E /* THCoffeeUITests */ = {
			isa = PBXNativeTarget;
			buildConfigurationList = 2C3A9988298DB443001F023E /* Build configuration list for PBXNativeTarget "THCoffeeUITests" */;
			buildPhases = (
				604093EB5928324C0C582C64 /* [CP] Check Pods Manifest.lock */,
				2C3A9974298DB443001F023E /* Sources */,
				2C3A9975298DB443001F023E /* Frameworks */,
				2C3A9976298DB443001F023E /* Resources */,
				FF94B79E78207376041110D8 /* [CP] Embed Pods Frameworks */,
				BE392C365F3F946AD1135305 /* [CP] Copy Pods Resources */,
			);
			buildRules = (
			);
			dependencies = (
				2C3A997A298DB443001F023E /* PBXTargetDependency */,
			);
			name = THCoffeeUITests;
			productName = THCoffeeUITests;
			productReference = 2C3A9978298DB443001F023E /* THCoffeeUITests.xctest */;
			productType = "com.apple.product-type.bundle.ui-testing";
		};
/* End PBXNativeTarget section */

/* Begin PBXProject section */
		2C3A9950298DB43A001F023E /* Project object */ = {
			isa = PBXProject;
			attributes = {
				BuildIndependentTargetsInParallel = 1;
				LastSwiftUpdateCheck = 1320;
				LastUpgradeCheck = 1320;
				TargetAttributes = {
					2C3A9957298DB43A001F023E = {
						CreatedOnToolsVersion = 13.2.1;
					};
					2C3A996D298DB443001F023E = {
						CreatedOnToolsVersion = 13.2.1;
						TestTargetID = 2C3A9957298DB43A001F023E;
					};
					2C3A9977298DB443001F023E = {
						CreatedOnToolsVersion = 13.2.1;
						TestTargetID = 2C3A9957298DB43A001F023E;
					};
				};
			};
			buildConfigurationList = 2C3A9953298DB43A001F023E /* Build configuration list for PBXProject "THCoffee" */;
			compatibilityVersion = "Xcode 13.0";
			developmentRegion = en;
			hasScannedForEncodings = 0;
			knownRegions = (
				en,
				Base,
			);
			mainGroup = 2C3A994F298DB43A001F023E;
			productRefGroup = 2C3A9959298DB43A001F023E /* Products */;
			projectDirPath = "";
			projectRoot = "";
			targets = (
				2C3A9957298DB43A001F023E /* THCoffee */,
				2C3A996D298DB443001F023E /* THCoffeeTests */,
				2C3A9977298DB443001F023E /* THCoffeeUITests */,
			);
		};
/* End PBXProject section */

/* Begin PBXResourcesBuildPhase section */
		2C3A9956298DB43A001F023E /* Resources */ = {
			isa = PBXResourcesBuildPhase;
			buildActionMask = 2147483647;
			files = (
				2C77855329A4189C005AA5B5 /* Main.storyboard in Resources */,
				2CAA36DF29AB07CD00E4BB31 /* GoogleService-Info.plist in Resources */,
				2C19D4DC29A0317C008EC86E /* Assets.xcassets in Resources */,
			);
			runOnlyForDeploymentPostprocessing = 0;
		};
		2C3A996C298DB443001F023E /* Resources */ = {
			isa = PBXResourcesBuildPhase;
			buildActionMask = 2147483647;
			files = (
				2CAA36E029AB07CD00E4BB31 /* GoogleService-Info.plist in Resources */,
			);
			runOnlyForDeploymentPostprocessing = 0;
		};
		2C3A9976298DB443001F023E /* Resources */ = {
			isa = PBXResourcesBuildPhase;
			buildActionMask = 2147483647;
			files = (
				2CAA36E129AB07CD00E4BB31 /* GoogleService-Info.plist in Resources */,
			);
			runOnlyForDeploymentPostprocessing = 0;
		};
/* End PBXResourcesBuildPhase section */

/* Begin PBXShellScriptBuildPhase section */
		02D9F9E7F4EBC5C5C8B4B5A3 /* [CP] Copy Pods Resources */ = {
			isa = PBXShellScriptBuildPhase;
			buildActionMask = 2147483647;
			files = (
			);
			inputFileListPaths = (
				"${PODS_ROOT}/Target Support Files/Pods-THCoffee/Pods-THCoffee-resources-${CONFIGURATION}-input-files.xcfilelist",
			);
			name = "[CP] Copy Pods Resources";
			outputFileListPaths = (
				"${PODS_ROOT}/Target Support Files/Pods-THCoffee/Pods-THCoffee-resources-${CONFIGURATION}-output-files.xcfilelist",
			);
			runOnlyForDeploymentPostprocessing = 0;
			shellPath = /bin/sh;
			shellScript = "\"${PODS_ROOT}/Target Support Files/Pods-THCoffee/Pods-THCoffee-resources.sh\"\n";
			showEnvVarsInLog = 0;
		};
		06428BFA178D4EAF39CC7617 /* [CP] Check Pods Manifest.lock */ = {
			isa = PBXShellScriptBuildPhase;
			buildActionMask = 2147483647;
			files = (
			);
			inputFileListPaths = (
			);
			inputPaths = (
				"${PODS_PODFILE_DIR_PATH}/Podfile.lock",
				"${PODS_ROOT}/Manifest.lock",
			);
			name = "[CP] Check Pods Manifest.lock";
			outputFileListPaths = (
			);
			outputPaths = (
				"$(DERIVED_FILE_DIR)/Pods-THCoffeeTests-checkManifestLockResult.txt",
			);
			runOnlyForDeploymentPostprocessing = 0;
			shellPath = /bin/sh;
			shellScript = "diff \"${PODS_PODFILE_DIR_PATH}/Podfile.lock\" \"${PODS_ROOT}/Manifest.lock\" > /dev/null\nif [ $? != 0 ] ; then\n    # print error to STDERR\n    echo \"error: The sandbox is not in sync with the Podfile.lock. Run 'pod install' or update your CocoaPods installation.\" >&2\n    exit 1\nfi\n# This output is used by Xcode 'outputs' to avoid re-running this script phase.\necho \"SUCCESS\" > \"${SCRIPT_OUTPUT_FILE_0}\"\n";
			showEnvVarsInLog = 0;
		};
		3EFDAAECCB963D504991832B /* [CP] Embed Pods Frameworks */ = {
			isa = PBXShellScriptBuildPhase;
			buildActionMask = 2147483647;
			files = (
			);
			inputFileListPaths = (
				"${PODS_ROOT}/Target Support Files/Pods-THCoffee/Pods-THCoffee-frameworks-${CONFIGURATION}-input-files.xcfilelist",
			);
			name = "[CP] Embed Pods Frameworks";
			outputFileListPaths = (
				"${PODS_ROOT}/Target Support Files/Pods-THCoffee/Pods-THCoffee-frameworks-${CONFIGURATION}-output-files.xcfilelist",
			);
			runOnlyForDeploymentPostprocessing = 0;
			shellPath = /bin/sh;
			shellScript = "\"${PODS_ROOT}/Target Support Files/Pods-THCoffee/Pods-THCoffee-frameworks.sh\"\n";
			showEnvVarsInLog = 0;
		};
		604093EB5928324C0C582C64 /* [CP] Check Pods Manifest.lock */ = {
			isa = PBXShellScriptBuildPhase;
			buildActionMask = 2147483647;
			files = (
			);
			inputFileListPaths = (
			);
			inputPaths = (
				"${PODS_PODFILE_DIR_PATH}/Podfile.lock",
				"${PODS_ROOT}/Manifest.lock",
			);
			name = "[CP] Check Pods Manifest.lock";
			outputFileListPaths = (
			);
			outputPaths = (
				"$(DERIVED_FILE_DIR)/Pods-THCoffee-THCoffeeUITests-checkManifestLockResult.txt",
			);
			runOnlyForDeploymentPostprocessing = 0;
			shellPath = /bin/sh;
			shellScript = "diff \"${PODS_PODFILE_DIR_PATH}/Podfile.lock\" \"${PODS_ROOT}/Manifest.lock\" > /dev/null\nif [ $? != 0 ] ; then\n    # print error to STDERR\n    echo \"error: The sandbox is not in sync with the Podfile.lock. Run 'pod install' or update your CocoaPods installation.\" >&2\n    exit 1\nfi\n# This output is used by Xcode 'outputs' to avoid re-running this script phase.\necho \"SUCCESS\" > \"${SCRIPT_OUTPUT_FILE_0}\"\n";
			showEnvVarsInLog = 0;
		};
		61590140293B79AC61CBEA66 /* [CP] Check Pods Manifest.lock */ = {
			isa = PBXShellScriptBuildPhase;
			buildActionMask = 2147483647;
			files = (
			);
			inputFileListPaths = (
			);
			inputPaths = (
				"${PODS_PODFILE_DIR_PATH}/Podfile.lock",
				"${PODS_ROOT}/Manifest.lock",
			);
			name = "[CP] Check Pods Manifest.lock";
			outputFileListPaths = (
			);
			outputPaths = (
				"$(DERIVED_FILE_DIR)/Pods-THCoffee-checkManifestLockResult.txt",
			);
			runOnlyForDeploymentPostprocessing = 0;
			shellPath = /bin/sh;
			shellScript = "diff \"${PODS_PODFILE_DIR_PATH}/Podfile.lock\" \"${PODS_ROOT}/Manifest.lock\" > /dev/null\nif [ $? != 0 ] ; then\n    # print error to STDERR\n    echo \"error: The sandbox is not in sync with the Podfile.lock. Run 'pod install' or update your CocoaPods installation.\" >&2\n    exit 1\nfi\n# This output is used by Xcode 'outputs' to avoid re-running this script phase.\necho \"SUCCESS\" > \"${SCRIPT_OUTPUT_FILE_0}\"\n";
			showEnvVarsInLog = 0;
		};
		BE392C365F3F946AD1135305 /* [CP] Copy Pods Resources */ = {
			isa = PBXShellScriptBuildPhase;
			buildActionMask = 2147483647;
			files = (
			);
			inputFileListPaths = (
				"${PODS_ROOT}/Target Support Files/Pods-THCoffee-THCoffeeUITests/Pods-THCoffee-THCoffeeUITests-resources-${CONFIGURATION}-input-files.xcfilelist",
			);
			name = "[CP] Copy Pods Resources";
			outputFileListPaths = (
				"${PODS_ROOT}/Target Support Files/Pods-THCoffee-THCoffeeUITests/Pods-THCoffee-THCoffeeUITests-resources-${CONFIGURATION}-output-files.xcfilelist",
			);
			runOnlyForDeploymentPostprocessing = 0;
			shellPath = /bin/sh;
			shellScript = "\"${PODS_ROOT}/Target Support Files/Pods-THCoffee-THCoffeeUITests/Pods-THCoffee-THCoffeeUITests-resources.sh\"\n";
			showEnvVarsInLog = 0;
		};
		FF94B79E78207376041110D8 /* [CP] Embed Pods Frameworks */ = {
			isa = PBXShellScriptBuildPhase;
			buildActionMask = 2147483647;
			files = (
			);
			inputFileListPaths = (
				"${PODS_ROOT}/Target Support Files/Pods-THCoffee-THCoffeeUITests/Pods-THCoffee-THCoffeeUITests-frameworks-${CONFIGURATION}-input-files.xcfilelist",
			);
			name = "[CP] Embed Pods Frameworks";
			outputFileListPaths = (
				"${PODS_ROOT}/Target Support Files/Pods-THCoffee-THCoffeeUITests/Pods-THCoffee-THCoffeeUITests-frameworks-${CONFIGURATION}-output-files.xcfilelist",
			);
			runOnlyForDeploymentPostprocessing = 0;
			shellPath = /bin/sh;
			shellScript = "\"${PODS_ROOT}/Target Support Files/Pods-THCoffee-THCoffeeUITests/Pods-THCoffee-THCoffeeUITests-frameworks.sh\"\n";
			showEnvVarsInLog = 0;
		};
/* End PBXShellScriptBuildPhase section */

/* Begin PBXSourcesBuildPhase section */
		2C3A9954298DB43A001F023E /* Sources */ = {
			isa = PBXSourcesBuildPhase;
			buildActionMask = 2147483647;
			files = (
				2C3A9960298DB43A001F023E /* ViewController.swift in Sources */,
				2C3A995C298DB43A001F023E /* AppDelegate.swift in Sources */,
				2C77856529A423C3005AA5B5 /* afterSignedController.swift in Sources */,
				2C3A995E298DB43A001F023E /* SceneDelegate.swift in Sources */,
			);
			runOnlyForDeploymentPostprocessing = 0;
		};
		2C3A996A298DB443001F023E /* Sources */ = {
			isa = PBXSourcesBuildPhase;
			buildActionMask = 2147483647;
			files = (
				2C3A9973298DB443001F023E /* THCoffeeTests.swift in Sources */,
			);
			runOnlyForDeploymentPostprocessing = 0;
		};
		2C3A9974298DB443001F023E /* Sources */ = {
			isa = PBXSourcesBuildPhase;
			buildActionMask = 2147483647;
			files = (
				2C3A997F298DB443001F023E /* THCoffeeUITestsLaunchTests.swift in Sources */,
				2C3A997D298DB443001F023E /* THCoffeeUITests.swift in Sources */,
			);
			runOnlyForDeploymentPostprocessing = 0;
		};
/* End PBXSourcesBuildPhase section */

/* Begin PBXTargetDependency section */
		2C3A9970298DB443001F023E /* PBXTargetDependency */ = {
			isa = PBXTargetDependency;
			target = 2C3A9957298DB43A001F023E /* THCoffee */;
			targetProxy = 2C3A996F298DB443001F023E /* PBXContainerItemProxy */;
		};
		2C3A997A298DB443001F023E /* PBXTargetDependency */ = {
			isa = PBXTargetDependency;
			target = 2C3A9957298DB43A001F023E /* THCoffee */;
			targetProxy = 2C3A9979298DB443001F023E /* PBXContainerItemProxy */;
		};
/* End PBXTargetDependency section */

/* Begin PBXVariantGroup section */
		2C77855529A4189C005AA5B5 /* Main.storyboard */ = {
			isa = PBXVariantGroup;
			children = (
				2C77855429A4189C005AA5B5 /* Base */,
			);
			name = Main.storyboard;
			path = ../../../.Trash;
			sourceTree = "<group>";
		};
/* End PBXVariantGroup section */

/* Begin XCBuildConfiguration section */
		2C3A9980298DB443001F023E /* Debug */ = {
			isa = XCBuildConfiguration;
			buildSettings = {
				ALWAYS_SEARCH_USER_PATHS = NO;
				CLANG_ANALYZER_NONNULL = YES;
				CLANG_ANALYZER_NUMBER_OBJECT_CONVERSION = YES_AGGRESSIVE;
				CLANG_CXX_LANGUAGE_STANDARD = "gnu++17";
				CLANG_CXX_LIBRARY = "libc++";
				CLANG_ENABLE_MODULES = YES;
				CLANG_ENABLE_OBJC_ARC = YES;
				CLANG_ENABLE_OBJC_WEAK = YES;
				CLANG_WARN_BLOCK_CAPTURE_AUTORELEASING = YES;
				CLANG_WARN_BOOL_CONVERSION = YES;
				CLANG_WARN_COMMA = YES;
				CLANG_WARN_CONSTANT_CONVERSION = YES;
				CLANG_WARN_DEPRECATED_OBJC_IMPLEMENTATIONS = YES;
				CLANG_WARN_DIRECT_OBJC_ISA_USAGE = YES_ERROR;
				CLANG_WARN_DOCUMENTATION_COMMENTS = YES;
				CLANG_WARN_EMPTY_BODY = YES;
				CLANG_WARN_ENUM_CONVERSION = YES;
				CLANG_WARN_INFINITE_RECURSION = YES;
				CLANG_WARN_INT_CONVERSION = YES;
				CLANG_WARN_NON_LITERAL_NULL_CONVERSION = YES;
				CLANG_WARN_OBJC_IMPLICIT_RETAIN_SELF = YES;
				CLANG_WARN_OBJC_LITERAL_CONVERSION = YES;
				CLANG_WARN_OBJC_ROOT_CLASS = YES_ERROR;
				CLANG_WARN_QUOTED_INCLUDE_IN_FRAMEWORK_HEADER = YES;
				CLANG_WARN_RANGE_LOOP_ANALYSIS = YES;
				CLANG_WARN_STRICT_PROTOTYPES = YES;
				CLANG_WARN_SUSPICIOUS_MOVE = YES;
				CLANG_WARN_UNGUARDED_AVAILABILITY = YES_AGGRESSIVE;
				CLANG_WARN_UNREACHABLE_CODE = YES;
				CLANG_WARN__DUPLICATE_METHOD_MATCH = YES;
				COPY_PHASE_STRIP = NO;
				DEBUG_INFORMATION_FORMAT = dwarf;
				ENABLE_STRICT_OBJC_MSGSEND = YES;
				ENABLE_TESTABILITY = YES;
				GCC_C_LANGUAGE_STANDARD = gnu11;
				GCC_DYNAMIC_NO_PIC = NO;
				GCC_NO_COMMON_BLOCKS = YES;
				GCC_OPTIMIZATION_LEVEL = 0;
				GCC_PREPROCESSOR_DEFINITIONS = (
					"DEBUG=1",
					"$(inherited)",
				);
				GCC_WARN_64_TO_32_BIT_CONVERSION = YES;
				GCC_WARN_ABOUT_RETURN_TYPE = YES_ERROR;
				GCC_WARN_UNDECLARED_SELECTOR = YES;
				GCC_WARN_UNINITIALIZED_AUTOS = YES_AGGRESSIVE;
				GCC_WARN_UNUSED_FUNCTION = YES;
				GCC_WARN_UNUSED_VARIABLE = YES;
				IPHONEOS_DEPLOYMENT_TARGET = 15.2;
				MTL_ENABLE_DEBUG_INFO = INCLUDE_SOURCE;
				MTL_FAST_MATH = YES;
				ONLY_ACTIVE_ARCH = YES;
				SDKROOT = iphoneos;
				SWIFT_ACTIVE_COMPILATION_CONDITIONS = DEBUG;
				SWIFT_OPTIMIZATION_LEVEL = "-Onone";
			};
			name = Debug;
		};
		2C3A9981298DB443001F023E /* Release */ = {
			isa = XCBuildConfiguration;
			buildSettings = {
				ALWAYS_SEARCH_USER_PATHS = NO;
				CLANG_ANALYZER_NONNULL = YES;
				CLANG_ANALYZER_NUMBER_OBJECT_CONVERSION = YES_AGGRESSIVE;
				CLANG_CXX_LANGUAGE_STANDARD = "gnu++17";
				CLANG_CXX_LIBRARY = "libc++";
				CLANG_ENABLE_MODULES = YES;
				CLANG_ENABLE_OBJC_ARC = YES;
				CLANG_ENABLE_OBJC_WEAK = YES;
				CLANG_WARN_BLOCK_CAPTURE_AUTORELEASING = YES;
				CLANG_WARN_BOOL_CONVERSION = YES;
				CLANG_WARN_COMMA = YES;
				CLANG_WARN_CONSTANT_CONVERSION = YES;
				CLANG_WARN_DEPRECATED_OBJC_IMPLEMENTATIONS = YES;
				CLANG_WARN_DIRECT_OBJC_ISA_USAGE = YES_ERROR;
				CLANG_WARN_DOCUMENTATION_COMMENTS = YES;
				CLANG_WARN_EMPTY_BODY = YES;
				CLANG_WARN_ENUM_CONVERSION = YES;
				CLANG_WARN_INFINITE_RECURSION = YES;
				CLANG_WARN_INT_CONVERSION = YES;
				CLANG_WARN_NON_LITERAL_NULL_CONVERSION = YES;
				CLANG_WARN_OBJC_IMPLICIT_RETAIN_SELF = YES;
				CLANG_WARN_OBJC_LITERAL_CONVERSION = YES;
				CLANG_WARN_OBJC_ROOT_CLASS = YES_ERROR;
				CLANG_WARN_QUOTED_INCLUDE_IN_FRAMEWORK_HEADER = YES;
				CLANG_WARN_RANGE_LOOP_ANALYSIS = YES;
				CLANG_WARN_STRICT_PROTOTYPES = YES;
				CLANG_WARN_SUSPICIOUS_MOVE = YES;
				CLANG_WARN_UNGUARDED_AVAILABILITY = YES_AGGRESSIVE;
				CLANG_WARN_UNREACHABLE_CODE = YES;
				CLANG_WARN__DUPLICATE_METHOD_MATCH = YES;
				COPY_PHASE_STRIP = NO;
				DEBUG_INFORMATION_FORMAT = "dwarf-with-dsym";
				ENABLE_NS_ASSERTIONS = NO;
				ENABLE_STRICT_OBJC_MSGSEND = YES;
				GCC_C_LANGUAGE_STANDARD = gnu11;
				GCC_NO_COMMON_BLOCKS = YES;
				GCC_WARN_64_TO_32_BIT_CONVERSION = YES;
				GCC_WARN_ABOUT_RETURN_TYPE = YES_ERROR;
				GCC_WARN_UNDECLARED_SELECTOR = YES;
				GCC_WARN_UNINITIALIZED_AUTOS = YES_AGGRESSIVE;
				GCC_WARN_UNUSED_FUNCTION = YES;
				GCC_WARN_UNUSED_VARIABLE = YES;
				IPHONEOS_DEPLOYMENT_TARGET = 15.2;
				MTL_ENABLE_DEBUG_INFO = NO;
				MTL_FAST_MATH = YES;
				SDKROOT = iphoneos;
				SWIFT_COMPILATION_MODE = wholemodule;
				SWIFT_OPTIMIZATION_LEVEL = "-O";
				VALIDATE_PRODUCT = YES;
			};
			name = Release;
		};
		2C3A9983298DB443001F023E /* Debug */ = {
			isa = XCBuildConfiguration;
			baseConfigurationReference = 1D28C93CB27FE311C9A200D5 /* Pods-THCoffee.debug.xcconfig */;
			buildSettings = {
				ASSETCATALOG_COMPILER_APPICON_NAME = AppIcon;
				ASSETCATALOG_COMPILER_GLOBAL_ACCENT_COLOR_NAME = AccentColor;
				CODE_SIGN_ENTITLEMENTS = THCoffee/THCoffeeDebug.entitlements;
				CODE_SIGN_STYLE = Automatic;
				CURRENT_PROJECT_VERSION = 1;
				DEVELOPMENT_TEAM = ZQ3AK5L78G;
				GENERATE_INFOPLIST_FILE = YES;
				INFOPLIST_FILE = THCoffee/Info.plist;
				INFOPLIST_KEY_UIApplicationSupportsIndirectInputEvents = YES;
				INFOPLIST_KEY_UILaunchStoryboardName = LaunchScreen;
				INFOPLIST_KEY_UISupportedInterfaceOrientations_iPad = "UIInterfaceOrientationPortrait UIInterfaceOrientationPortraitUpsideDown UIInterfaceOrientationLandscapeLeft UIInterfaceOrientationLandscapeRight";
				INFOPLIST_KEY_UISupportedInterfaceOrientations_iPhone = "UIInterfaceOrientationPortrait UIInterfaceOrientationLandscapeLeft UIInterfaceOrientationLandscapeRight";
				LD_RUNPATH_SEARCH_PATHS = (
					"$(inherited)",
					"@executable_path/Frameworks",
				);
				MARKETING_VERSION = 1.0;
				PRODUCT_BUNDLE_IDENTIFIER = TH.THCoffee;
				PRODUCT_NAME = "$(TARGET_NAME)";
				SWIFT_EMIT_LOC_STRINGS = YES;
				SWIFT_VERSION = 5.0;
				TARGETED_DEVICE_FAMILY = 1;
			};
			name = Debug;
		};
		2C3A9984298DB443001F023E /* Release */ = {
			isa = XCBuildConfiguration;
			baseConfigurationReference = FABAE7F1185AFC8BFB95BA87 /* Pods-THCoffee.release.xcconfig */;
			buildSettings = {
				ASSETCATALOG_COMPILER_APPICON_NAME = AppIcon;
				ASSETCATALOG_COMPILER_GLOBAL_ACCENT_COLOR_NAME = AccentColor;
				CODE_SIGN_ENTITLEMENTS = THCoffee/THCoffeeRelease.entitlements;
				CODE_SIGN_STYLE = Automatic;
				CURRENT_PROJECT_VERSION = 1;
				DEVELOPMENT_TEAM = ZQ3AK5L78G;
				GENERATE_INFOPLIST_FILE = YES;
				INFOPLIST_FILE = THCoffee/Info.plist;
				INFOPLIST_KEY_UIApplicationSupportsIndirectInputEvents = YES;
				INFOPLIST_KEY_UILaunchStoryboardName = LaunchScreen;
				INFOPLIST_KEY_UISupportedInterfaceOrientations_iPad = "UIInterfaceOrientationPortrait UIInterfaceOrientationPortraitUpsideDown UIInterfaceOrientationLandscapeLeft UIInterfaceOrientationLandscapeRight";
				INFOPLIST_KEY_UISupportedInterfaceOrientations_iPhone = "UIInterfaceOrientationPortrait UIInterfaceOrientationLandscapeLeft UIInterfaceOrientationLandscapeRight";
				LD_RUNPATH_SEARCH_PATHS = (
					"$(inherited)",
					"@executable_path/Frameworks",
				);
				MARKETING_VERSION = 1.0;
				PRODUCT_BUNDLE_IDENTIFIER = TH.THCoffee;
				PRODUCT_NAME = "$(TARGET_NAME)";
				SWIFT_EMIT_LOC_STRINGS = YES;
				SWIFT_VERSION = 5.0;
				TARGETED_DEVICE_FAMILY = 1;
			};
			name = Release;
		};
		2C3A9986298DB443001F023E /* Debug */ = {
			isa = XCBuildConfiguration;
			baseConfigurationReference = 9F69902B2B9157F4CBF512E7 /* Pods-THCoffeeTests.debug.xcconfig */;
			buildSettings = {
				ALWAYS_EMBED_SWIFT_STANDARD_LIBRARIES = YES;
				BUNDLE_LOADER = "$(TEST_HOST)";
				CODE_SIGN_STYLE = Automatic;
				CURRENT_PROJECT_VERSION = 1;
				DEVELOPMENT_TEAM = ZQ3AK5L78G;
				GENERATE_INFOPLIST_FILE = YES;
				IPHONEOS_DEPLOYMENT_TARGET = 15.2;
				MARKETING_VERSION = 1.0;
				PRODUCT_BUNDLE_IDENTIFIER = TH.THCoffeeTests;
				PRODUCT_NAME = "$(TARGET_NAME)";
				SWIFT_EMIT_LOC_STRINGS = NO;
				SWIFT_VERSION = 5.0;
				TARGETED_DEVICE_FAMILY = "1,2";
				TEST_HOST = "$(BUILT_PRODUCTS_DIR)/THCoffee.app/THCoffee";
			};
			name = Debug;
		};
		2C3A9987298DB443001F023E /* Release */ = {
			isa = XCBuildConfiguration;
			baseConfigurationReference = 425B462E961BEF130F294371 /* Pods-THCoffeeTests.release.xcconfig */;
			buildSettings = {
				ALWAYS_EMBED_SWIFT_STANDARD_LIBRARIES = YES;
				BUNDLE_LOADER = "$(TEST_HOST)";
				CODE_SIGN_STYLE = Automatic;
				CURRENT_PROJECT_VERSION = 1;
				DEVELOPMENT_TEAM = ZQ3AK5L78G;
				GENERATE_INFOPLIST_FILE = YES;
				IPHONEOS_DEPLOYMENT_TARGET = 15.2;
				MARKETING_VERSION = 1.0;
				PRODUCT_BUNDLE_IDENTIFIER = TH.THCoffeeTests;
				PRODUCT_NAME = "$(TARGET_NAME)";
				SWIFT_EMIT_LOC_STRINGS = NO;
				SWIFT_VERSION = 5.0;
				TARGETED_DEVICE_FAMILY = "1,2";
				TEST_HOST = "$(BUILT_PRODUCTS_DIR)/THCoffee.app/THCoffee";
			};
			name = Release;
		};
		2C3A9989298DB443001F023E /* Debug */ = {
			isa = XCBuildConfiguration;
			baseConfigurationReference = 3A0AD5C55F18C878D950893E /* Pods-THCoffee-THCoffeeUITests.debug.xcconfig */;
			buildSettings = {
				ALWAYS_EMBED_SWIFT_STANDARD_LIBRARIES = YES;
				CODE_SIGN_STYLE = Automatic;
				CURRENT_PROJECT_VERSION = 1;
				DEVELOPMENT_TEAM = ZQ3AK5L78G;
				GENERATE_INFOPLIST_FILE = YES;
				MARKETING_VERSION = 1.0;
				PRODUCT_BUNDLE_IDENTIFIER = TH.THCoffeeUITests;
				PRODUCT_NAME = "$(TARGET_NAME)";
				SWIFT_EMIT_LOC_STRINGS = NO;
				SWIFT_VERSION = 5.0;
				TARGETED_DEVICE_FAMILY = "1,2";
				TEST_TARGET_NAME = THCoffee;
			};
			name = Debug;
		};
		2C3A998A298DB443001F023E /* Release */ = {
			isa = XCBuildConfiguration;
			baseConfigurationReference = 90E3A7D08E438E597CCFECD8 /* Pods-THCoffee-THCoffeeUITests.release.xcconfig */;
			buildSettings = {
				ALWAYS_EMBED_SWIFT_STANDARD_LIBRARIES = YES;
				CODE_SIGN_STYLE = Automatic;
				CURRENT_PROJECT_VERSION = 1;
				DEVELOPMENT_TEAM = ZQ3AK5L78G;
				GENERATE_INFOPLIST_FILE = YES;
				MARKETING_VERSION = 1.0;
				PRODUCT_BUNDLE_IDENTIFIER = TH.THCoffeeUITests;
				PRODUCT_NAME = "$(TARGET_NAME)";
				SWIFT_EMIT_LOC_STRINGS = NO;
				SWIFT_VERSION = 5.0;
				TARGETED_DEVICE_FAMILY = "1,2";
				TEST_TARGET_NAME = THCoffee;
			};
			name = Release;
		};
/* End XCBuildConfiguration section */

/* Begin XCConfigurationList section */
		2C3A9953298DB43A001F023E /* Build configuration list for PBXProject "THCoffee" */ = {
			isa = XCConfigurationList;
			buildConfigurations = (
				2C3A9980298DB443001F023E /* Debug */,
				2C3A9981298DB443001F023E /* Release */,
			);
			defaultConfigurationIsVisible = 0;
			defaultConfigurationName = Release;
		};
		2C3A9982298DB443001F023E /* Build configuration list for PBXNativeTarget "THCoffee" */ = {
			isa = XCConfigurationList;
			buildConfigurations = (
				2C3A9983298DB443001F023E /* Debug */,
				2C3A9984298DB443001F023E /* Release */,
			);
			defaultConfigurationIsVisible = 0;
			defaultConfigurationName = Release;
		};
		2C3A9985298DB443001F023E /* Build configuration list for PBXNativeTarget "THCoffeeTests" */ = {
			isa = XCConfigurationList;
			buildConfigurations = (
				2C3A9986298DB443001F023E /* Debug */,
				2C3A9987298DB443001F023E /* Release */,
			);
			defaultConfigurationIsVisible = 0;
			defaultConfigurationName = Release;
		};
		2C3A9988298DB443001F023E /* Build configuration list for PBXNativeTarget "THCoffeeUITests" */ = {
			isa = XCConfigurationList;
			buildConfigurations = (
				2C3A9989298DB443001F023E /* Debug */,
				2C3A998A298DB443001F023E /* Release */,
			);
			defaultConfigurationIsVisible = 0;
			defaultConfigurationName = Release;
		};
/* End XCConfigurationList section */
	};
	rootObject = 2C3A9950298DB43A001F023E /* Project object */;
}
